
Microsoft Visual Studio Solution File, Format Version 12.00
# Visual Studio 15
VisualStudioVersion = 15.0.28307.421
MinimumVisualStudioVersion = 10.0.40219.1
Project("{9A19103F-16F7-4668-BE54-9A1E7A4F7556}") = "ConsoleDotNetCoreApp", "ConsoleDotNetCoreApp\ConsoleDotNetCoreApp.csproj", "{F9BEE00A-E66D-467C-8D71-7F210595AE6C}"
EndProject
Project("{9A19103F-16F7-4668-BE54-9A1E7A4F7556}") = "SpeakerClassLibrary", "SpeakerClassLibrary\SpeakerClassLibrary.csproj", "{6D73542E-BAD6-4063-9A4E-FA008E8F384B}"
EndProject
Project("{FAE04EC0-301F-11D3-BF4B-00C04F79EFBC}") = "WinFormsApp", "WinFormsApp\WinFormsApp.csproj", "{33704EA5-0DA4-40CB-8F6A-E988D5E50D2A}"
EndProject
Global
	GlobalSection(SolutionConfigurationPlatforms) = preSolution
		Debug|Any CPU = Debug|Any CPU
		Release|Any CPU = Release|Any CPU
	EndGlobalSection
	GlobalSection(ProjectConfigurationPlatforms) = postSolution
		{F9BEE00A-E66D-467C-8D71-7F210595AE6C}.Debug|Any CPU.ActiveCfg = Debug|Any CPU
		{F9BEE00A-E66D-467C-8D71-7F210595AE6C}.Debug|Any CPU.Build.0 = Debug|Any CPU
		{F9BEE00A-E66D-467C-8D71-7F210595AE6C}.Release|Any CPU.ActiveCfg = Release|Any CPU
		{F9BEE00A-E66D-467C-8D71-7F210595AE6C}.Release|Any CPU.Build.0 = Release|Any CPU
		{6D73542E-BAD6-4063-9A4E-FA008E8F384B}.Debug|Any CPU.ActiveCfg = Debug|Any CPU
		{6D73542E-BAD6-4063-9A4E-FA008E8F384B}.Debug|Any CPU.Build.0 = Debug|Any CPU
		{6D73542E-BAD6-4063-9A4E-FA008E8F384B}.Release|Any CPU.ActiveCfg = Release|Any CPU
		{6D73542E-BAD6-4063-9A4E-FA008E8F384B}.Release|Any CPU.Build.0 = Release|Any CPU
		{33704EA5-0DA4-40CB-8F6A-E988D5E50D2A}.Debug|Any CPU.ActiveCfg = Debug|Any CPU
		{33704EA5-0DA4-40CB-8F6A-E988D5E50D2A}.Debug|Any CPU.Build.0 = Debug|Any CPU
		{33704EA5-0DA4-40CB-8F6A-E988D5E50D2A}.Release|Any CPU.ActiveCfg = Release|Any CPU
		{33704EA5-0DA4-40CB-8F6A-E988D5E50D2A}.Release|Any CPU.Build.0 = Release|Any CPU
	EndGlobalSection
	GlobalSection(SolutionProperties) = preSolution
		HideSolutionNode = FALSE
	EndGlobalSection
	GlobalSection(ExtensibilityGlobals) = postSolution
		SolutionGuid = {B2BE5A98-AFC8-4F34-A769-F8A947E81C9C}
	EndGlobalSection
EndGlobal
